{
  "originHash" : "eee4194c0f7dab255885cb4d2f4fe68450b87db831bf3ae056fffb7b98049a8f",
  "pins" : [
    {
      "identity" : "extensionkit",
      "kind" : "remoteSourceControl",
      "location" : "https://github.com/johnbean393/ExtensionKit",
      "state" : {
        "branch" : "main",
        "revision" : "d2c4cda688cbfa614d4f70a5a9c6084fcf253ca7"
      }
    },
    {
      "identity" : "launchatlogin-modern",
      "kind" : "remoteSourceControl",
      "location" : "https://github.com/sindresorhus/LaunchAtLogin-Modern",
      "state" : {
        "branch" : "main",
        "revision" : "a04ec1c363be3627734f6dad757d82f5d4fa8fcc"
      }
    },
    {
      "identity" : "sjauth",
      "kind" : "remoteSourceControl",
      "location" : "https://github.com/johnbean393/Sjauth",
      "state" : {
        "branch" : "main",
        "revision" : "debc40603dcc3675fb6cfd52bc8ae0a9ba5af40f"
      }
    }
  ],
  "version" : 3
}
