// !$*UTF8*$!
{
	archiveVersion = 1;
	classes = {
	};
	objectVersion = 56;
	objects = {

/* Begin PBXBuildFile section */
		2070607A2BB3F14800E9DD4F /* Sjauth in Frameworks */ = {isa = PBXBuildFile; productRef = 207060792BB3F14800E9DD4F /* Sjauth */; };
		2076DE392D3E31000048ECB1 /* OnboardingViewModel.swift in Sources */ = {isa = PBXBuildFile; fileRef = 2076DE382D3E31000048ECB1 /* OnboardingViewModel.swift */; };
		2076DE3C2D3E32E60048ECB1 /* Extensions+UserDefaults.swift in Sources */ = {isa = PBXBuildFile; fileRef = 2076DE3B2D3E32E60048ECB1 /* Extensions+UserDefaults.swift */; };
		2076DE3E2D3E33380048ECB1 /* IntroductionView.swift in Sources */ = {isa = PBXBuildFile; fileRef = 2076DE3D2D3E33380048ECB1 /* IntroductionView.swift */; };
		2076DE412D3E33BB0048ECB1 /* DoneView.swift in Sources */ = {isa = PBXBuildFile; fileRef = 2076DE402D3E33BB0048ECB1 /* DoneView.swift */; };
		2076DE432D3E561E0048ECB1 /* Localizable.xcstrings in Resources */ = {isa = PBXBuildFile; fileRef = 2076DE422D3E561E0048ECB1 /* Localizable.xcstrings */; };
		20B5734F2C870CFB00255BEC /* README.md in Resources */ = {isa = PBXBuildFile; fileRef = 20B5734E2C870CFB00255BEC /* README.md */; };
		20C954DE2BB3FB010017E05E /* AppDelegate.swift in Sources */ = {isa = PBXBuildFile; fileRef = 20C954DD2BB3FB010017E05E /* AppDelegate.swift */; };
		20C954E62BB3FE340017E05E /* WakeDelegate.swift in Sources */ = {isa = PBXBuildFile; fileRef = 20C954E52BB3FE340017E05E /* WakeDelegate.swift */; };
		20C954E82BB3FEB80017E05E /* CredentialsView.swift in Sources */ = {isa = PBXBuildFile; fileRef = 20C954E72BB3FEB80017E05E /* CredentialsView.swift */; };
		20C954EB2BB3FF570017E05E /* ExtensionKit in Frameworks */ = {isa = PBXBuildFile; productRef = 20C954EA2BB3FF570017E05E /* ExtensionKit */; };
		20E66A562BB3062500F0AF08 /* STUWIRELESS_LoginApp.swift in Sources */ = {isa = PBXBuildFile; fileRef = 20E66A552BB3062500F0AF08 /* STUWIRELESS_LoginApp.swift */; };
		20E66A582BB3062500F0AF08 /* ContentView.swift in Sources */ = {isa = PBXBuildFile; fileRef = 20E66A572BB3062500F0AF08 /* ContentView.swift */; };
		20E66A5A2BB3062B00F0AF08 /* Assets.xcassets in Resources */ = {isa = PBXBuildFile; fileRef = 20E66A592BB3062B00F0AF08 /* Assets.xcassets */; };
		20E66A5D2BB3062B00F0AF08 /* Preview Assets.xcassets in Resources */ = {isa = PBXBuildFile; fileRef = 20E66A5C2BB3062B00F0AF08 /* Preview Assets.xcassets */; };
		20E908A12D3E5DF600AC1A9C /* LaunchAtLogin in Frameworks */ = {isa = PBXBuildFile; productRef = 20E908A02D3E5DF600AC1A9C /* LaunchAtLogin */; };
/* End PBXBuildFile section */

/* Begin PBXFileReference section */
		2076DE382D3E31000048ECB1 /* OnboardingViewModel.swift */ = {isa = PBXFileReference; lastKnownFileType = sourcecode.swift; path = OnboardingViewModel.swift; sourceTree = "<group>"; };
		2076DE3B2D3E32E60048ECB1 /* Extensions+UserDefaults.swift */ = {isa = PBXFileReference; lastKnownFileType = sourcecode.swift; path = "Extensions+UserDefaults.swift"; sourceTree = "<group>"; };
		2076DE3D2D3E33380048ECB1 /* IntroductionView.swift */ = {isa = PBXFileReference; lastKnownFileType = sourcecode.swift; path = IntroductionView.swift; sourceTree = "<group>"; };
		2076DE402D3E33BB0048ECB1 /* DoneView.swift */ = {isa = PBXFileReference; lastKnownFileType = sourcecode.swift; path = DoneView.swift; sourceTree = "<group>"; };
		2076DE422D3E561E0048ECB1 /* Localizable.xcstrings */ = {isa = PBXFileReference; lastKnownFileType = text.json.xcstrings; path = Localizable.xcstrings; sourceTree = "<group>"; };
		20B5734E2C870CFB00255BEC /* README.md */ = {isa = PBXFileReference; lastKnownFileType = net.daringfireball.markdown; path = README.md; sourceTree = "<group>"; };
		20C954DD2BB3FB010017E05E /* AppDelegate.swift */ = {isa = PBXFileReference; lastKnownFileType = sourcecode.swift; path = AppDelegate.swift; sourceTree = "<group>"; };
		20C954E52BB3FE340017E05E /* WakeDelegate.swift */ = {isa = PBXFileReference; lastKnownFileType = sourcecode.swift; path = WakeDelegate.swift; sourceTree = "<group>"; };
		20C954E72BB3FEB80017E05E /* CredentialsView.swift */ = {isa = PBXFileReference; lastKnownFileType = sourcecode.swift; path = CredentialsView.swift; sourceTree = "<group>"; };
		20E66A522BB3062500F0AF08 /* STUWIRELESS Login.app */ = {isa = PBXFileReference; explicitFileType = wrapper.application; includeInIndex = 0; path = "STUWIRELESS Login.app"; sourceTree = BUILT_PRODUCTS_DIR; };
		20E66A552BB3062500F0AF08 /* STUWIRELESS_LoginApp.swift */ = {isa = PBXFileReference; lastKnownFileType = sourcecode.swift; path = STUWIRELESS_LoginApp.swift; sourceTree = "<group>"; };
		20E66A572BB3062500F0AF08 /* ContentView.swift */ = {isa = PBXFileReference; lastKnownFileType = sourcecode.swift; path = ContentView.swift; sourceTree = "<group>"; };
		20E66A592BB3062B00F0AF08 /* Assets.xcassets */ = {isa = PBXFileReference; lastKnownFileType = folder.assetcatalog; path = Assets.xcassets; sourceTree = "<group>"; };
		20E66A5C2BB3062B00F0AF08 /* Preview Assets.xcassets */ = {isa = PBXFileReference; lastKnownFileType = folder.assetcatalog; path = "Preview Assets.xcassets"; sourceTree = "<group>"; };
		20E66A5E2BB3062B00F0AF08 /* STUWIRELESS_Login.entitlements */ = {isa = PBXFileReference; lastKnownFileType = text.plist.entitlements; path = STUWIRELESS_Login.entitlements; sourceTree = "<group>"; };
		20E66A682BB306FC00F0AF08 /* STUWIRELESS-Login-Info.plist */ = {isa = PBXFileReference; lastKnownFileType = text.plist; path = "STUWIRELESS-Login-Info.plist"; sourceTree = SOURCE_ROOT; };
/* End PBXFileReference section */

/* Begin PBXFrameworksBuildPhase section */
		20E66A4F2BB3062500F0AF08 /* Frameworks */ = {
			isa = PBXFrameworksBuildPhase;
			buildActionMask = 2147483647;
			files = (
				20E908A12D3E5DF600AC1A9C /* LaunchAtLogin in Frameworks */,
				2070607A2BB3F14800E9DD4F /* Sjauth in Frameworks */,
				20C954EB2BB3FF570017E05E /* ExtensionKit in Frameworks */,
			);
			runOnlyForDeploymentPostprocessing = 0;
		};
/* End PBXFrameworksBuildPhase section */

/* Begin PBXGroup section */
		2076DE3A2D3E32DA0048ECB1 /* Extensions */ = {
			isa = PBXGroup;
			children = (
				2076DE3B2D3E32E60048ECB1 /* Extensions+UserDefaults.swift */,
			);
			path = Extensions;
			sourceTree = "<group>";
		};
		2076DE3F2D3E335C0048ECB1 /* Steps */ = {
			isa = PBXGroup;
			children = (
				2076DE3D2D3E33380048ECB1 /* IntroductionView.swift */,
				20C954E72BB3FEB80017E05E /* CredentialsView.swift */,
				2076DE402D3E33BB0048ECB1 /* DoneView.swift */,
			);
			path = Steps;
			sourceTree = "<group>";
		};
		20C954EC2BB3FFBC0017E05E /* Logic */ = {
			isa = PBXGroup;
			children = (
				20C954E52BB3FE340017E05E /* WakeDelegate.swift */,
				2076DE382D3E31000048ECB1 /* OnboardingViewModel.swift */,
			);
			path = Logic;
			sourceTree = "<group>";
		};
		20C954ED2BB3FFC40017E05E /* Views */ = {
			isa = PBXGroup;
			children = (
				20E66A572BB3062500F0AF08 /* ContentView.swift */,
				2076DE3F2D3E335C0048ECB1 /* Steps */,
			);
			path = Views;
			sourceTree = "<group>";
		};
		20E66A492BB3062500F0AF08 = {
			isa = PBXGroup;
			children = (
				2076DE422D3E561E0048ECB1 /* Localizable.xcstrings */,
				20B5734E2C870CFB00255BEC /* README.md */,
				20E66A542BB3062500F0AF08 /* STUWIRELESS Login */,
				20E66A532BB3062500F0AF08 /* Products */,
			);
			sourceTree = "<group>";
		};
		20E66A532BB3062500F0AF08 /* Products */ = {
			isa = PBXGroup;
			children = (
				20E66A522BB3062500F0AF08 /* STUWIRELESS Login.app */,
			);
			name = Products;
			sourceTree = "<group>";
		};
		20E66A542BB3062500F0AF08 /* STUWIRELESS Login */ = {
			isa = PBXGroup;
			children = (
				20E66A682BB306FC00F0AF08 /* STUWIRELESS-Login-Info.plist */,
				20C954DD2BB3FB010017E05E /* AppDelegate.swift */,
				20E66A552BB3062500F0AF08 /* STUWIRELESS_LoginApp.swift */,
				20C954ED2BB3FFC40017E05E /* Views */,
				20C954EC2BB3FFBC0017E05E /* Logic */,
				2076DE3A2D3E32DA0048ECB1 /* Extensions */,
				20E66A592BB3062B00F0AF08 /* Assets.xcassets */,
				20E66A5E2BB3062B00F0AF08 /* STUWIRELESS_Login.entitlements */,
				20E66A5B2BB3062B00F0AF08 /* Preview Content */,
			);
			path = "STUWIRELESS Login";
			sourceTree = "<group>";
		};
		20E66A5B2BB3062B00F0AF08 /* Preview Content */ = {
			isa = PBXGroup;
			children = (
				20E66A5C2BB3062B00F0AF08 /* Preview Assets.xcassets */,
			);
			path = "Preview Content";
			sourceTree = "<group>";
		};
/* End PBXGroup section */

/* Begin PBXNativeTarget section */
		20E66A512BB3062500F0AF08 /* STUWIRELESS Login */ = {
			isa = PBXNativeTarget;
			buildConfigurationList = 20E66A612BB3062B00F0AF08 /* Build configuration list for PBXNativeTarget "STUWIRELESS Login" */;
			buildPhases = (
				20E66A4E2BB3062500F0AF08 /* Sources */,
				20E66A4F2BB3062500F0AF08 /* Frameworks */,
				20E66A502BB3062500F0AF08 /* Resources */,
				206421D42BB54EC000CD5A43 /* ShellScript */,
			);
			buildRules = (
			);
			dependencies = (
			);
			name = "STUWIRELESS Login";
			packageProductDependencies = (
				207060792BB3F14800E9DD4F /* Sjauth */,
				20C954EA2BB3FF570017E05E /* ExtensionKit */,
				20E908A02D3E5DF600AC1A9C /* LaunchAtLogin */,
			);
			productName = "STUWIRELESS Login";
			productReference = 20E66A522BB3062500F0AF08 /* STUWIRELESS Login.app */;
			productType = "com.apple.product-type.application";
		};
/* End PBXNativeTarget section */

/* Begin PBXProject section */
		20E66A4A2BB3062500F0AF08 /* Project object */ = {
			isa = PBXProject;
			attributes = {
				BuildIndependentTargetsInParallel = 1;
				LastSwiftUpdateCheck = 1520;
				LastUpgradeCheck = 1520;
				TargetAttributes = {
					20E66A512BB3062500F0AF08 = {
						CreatedOnToolsVersion = 15.2;
					};
				};
			};
			buildConfigurationList = 20E66A4D2BB3062500F0AF08 /* Build configuration list for PBXProject "STUWIRELESS Login" */;
			compatibilityVersion = "Xcode 14.0";
			developmentRegion = en;
			hasScannedForEncodings = 0;
			knownRegions = (
				en,
				Base,
				"zh-Hans",
			);
			mainGroup = 20E66A492BB3062500F0AF08;
			packageReferences = (
				207060782BB3F14800E9DD4F /* XCRemoteSwiftPackageReference "Sjauth" */,
				20C954E92BB3FF570017E05E /* XCRemoteSwiftPackageReference "ExtensionKit" */,
				20E9089F2D3E5DF600AC1A9C /* XCRemoteSwiftPackageReference "LaunchAtLogin-Modern" */,
			);
			productRefGroup = 20E66A532BB3062500F0AF08 /* Products */;
			projectDirPath = "";
			projectRoot = "";
			targets = (
				20E66A512BB3062500F0AF08 /* STUWIRELESS Login */,
			);
		};
/* End PBXProject section */

/* Begin PBXResourcesBuildPhase section */
		20E66A502BB3062500F0AF08 /* Resources */ = {
			isa = PBXResourcesBuildPhase;
			buildActionMask = 2147483647;
			files = (
				20B5734F2C870CFB00255BEC /* README.md in Resources */,
				20E66A5D2BB3062B00F0AF08 /* Preview Assets.xcassets in Resources */,
				2076DE432D3E561E0048ECB1 /* Localizable.xcstrings in Resources */,
				20E66A5A2BB3062B00F0AF08 /* Assets.xcassets in Resources */,
			);
			runOnlyForDeploymentPostprocessing = 0;
		};
/* End PBXResourcesBuildPhase section */

/* Begin PBXShellScriptBuildPhase section */
		206421D42BB54EC000CD5A43 /* ShellScript */ = {
			isa = PBXShellScriptBuildPhase;
			alwaysOutOfDate = 1;
			buildActionMask = 2147483647;
			files = (
			);
			inputFileListPaths = (
			);
			inputPaths = (
				"${BUILT_PRODUCTS_DIR}/LaunchAtLogin_LaunchAtLogin.bundle/Contents/Resources/copy-helper-swiftpm.sh",
			);
			outputFileListPaths = (
			);
			outputPaths = (
			);
			runOnlyForDeploymentPostprocessing = 0;
			shellPath = /bin/sh;
			shellScript = "# Type a script or drag a script file from your workspace to insert its path.\n";
		};
/* End PBXShellScriptBuildPhase section */

/* Begin PBXSourcesBuildPhase section */
		20E66A4E2BB3062500F0AF08 /* Sources */ = {
			isa = PBXSourcesBuildPhase;
			buildActionMask = 2147483647;
			files = (
				20C954E62BB3FE340017E05E /* WakeDelegate.swift in Sources */,
				2076DE392D3E31000048ECB1 /* OnboardingViewModel.swift in Sources */,
				2076DE3C2D3E32E60048ECB1 /* Extensions+UserDefaults.swift in Sources */,
				20C954DE2BB3FB010017E05E /* AppDelegate.swift in Sources */,
				20E66A582BB3062500F0AF08 /* ContentView.swift in Sources */,
				2076DE412D3E33BB0048ECB1 /* DoneView.swift in Sources */,
				20E66A562BB3062500F0AF08 /* STUWIRELESS_LoginApp.swift in Sources */,
				2076DE3E2D3E33380048ECB1 /* IntroductionView.swift in Sources */,
				20C954E82BB3FEB80017E05E /* CredentialsView.swift in Sources */,
			);
			runOnlyForDeploymentPostprocessing = 0;
		};
/* End PBXSourcesBuildPhase section */

/* Begin XCBuildConfiguration section */
		20E66A5F2BB3062B00F0AF08 /* Debug */ = {
			isa = XCBuildConfiguration;
			buildSettings = {
				ALWAYS_SEARCH_USER_PATHS = NO;
				ASSETCATALOG_COMPILER_GENERATE_SWIFT_ASSET_SYMBOL_EXTENSIONS = YES;
				CLANG_ANALYZER_NONNULL = YES;
				CLANG_ANALYZER_NUMBER_OBJECT_CONVERSION = YES_AGGRESSIVE;
				CLANG_CXX_LANGUAGE_STANDARD = "gnu++20";
				CLANG_ENABLE_MODULES = YES;
				CLANG_ENABLE_OBJC_ARC = YES;
				CLANG_ENABLE_OBJC_WEAK = YES;
				CLANG_WARN_BLOCK_CAPTURE_AUTORELEASING = YES;
				CLANG_WARN_BOOL_CONVERSION = YES;
				CLANG_WARN_COMMA = YES;
				CLANG_WARN_CONSTANT_CONVERSION = YES;
				CLANG_WARN_DEPRECATED_OBJC_IMPLEMENTATIONS = YES;
				CLANG_WARN_DIRECT_OBJC_ISA_USAGE = YES_ERROR;
				CLANG_WARN_DOCUMENTATION_COMMENTS = YES;
				CLANG_WARN_EMPTY_BODY = YES;
				CLANG_WARN_ENUM_CONVERSION = YES;
				CLANG_WARN_INFINITE_RECURSION = YES;
				CLANG_WARN_INT_CONVERSION = YES;
				CLANG_WARN_NON_LITERAL_NULL_CONVERSION = YES;
				CLANG_WARN_OBJC_IMPLICIT_RETAIN_SELF = YES;
				CLANG_WARN_OBJC_LITERAL_CONVERSION = YES;
				CLANG_WARN_OBJC_ROOT_CLASS = YES_ERROR;
				CLANG_WARN_QUOTED_INCLUDE_IN_FRAMEWORK_HEADER = YES;
				CLANG_WARN_RANGE_LOOP_ANALYSIS = YES;
				CLANG_WARN_STRICT_PROTOTYPES = YES;
				CLANG_WARN_SUSPICIOUS_MOVE = YES;
				CLANG_WARN_UNGUARDED_AVAILABILITY = YES_AGGRESSIVE;
				CLANG_WARN_UNREACHABLE_CODE = YES;
				CLANG_WARN__DUPLICATE_METHOD_MATCH = YES;
				COPY_PHASE_STRIP = NO;
				DEBUG_INFORMATION_FORMAT = dwarf;
				ENABLE_STRICT_OBJC_MSGSEND = YES;
				ENABLE_TESTABILITY = YES;
				ENABLE_USER_SCRIPT_SANDBOXING = YES;
				GCC_C_LANGUAGE_STANDARD = gnu17;
				GCC_DYNAMIC_NO_PIC = NO;
				GCC_NO_COMMON_BLOCKS = YES;
				GCC_OPTIMIZATION_LEVEL = 0;
				GCC_PREPROCESSOR_DEFINITIONS = (
					"DEBUG=1",
					"$(inherited)",
				);
				GCC_WARN_64_TO_32_BIT_CONVERSION = YES;
				GCC_WARN_ABOUT_RETURN_TYPE = YES_ERROR;
				GCC_WARN_UNDECLARED_SELECTOR = YES;
				GCC_WARN_UNINITIALIZED_AUTOS = YES_AGGRESSIVE;
				GCC_WARN_UNUSED_FUNCTION = YES;
				GCC_WARN_UNUSED_VARIABLE = YES;
				LOCALIZATION_PREFERS_STRING_CATALOGS = YES;
				MACOSX_DEPLOYMENT_TARGET = 12.0;
				MTL_ENABLE_DEBUG_INFO = INCLUDE_SOURCE;
				MTL_FAST_MATH = YES;
				ONLY_ACTIVE_ARCH = YES;
				SDKROOT = macosx;
				SWIFT_ACTIVE_COMPILATION_CONDITIONS = "DEBUG $(inherited)";
				SWIFT_EMIT_LOC_STRINGS = YES;
				SWIFT_OPTIMIZATION_LEVEL = "-Onone";
			};
			name = Debug;
		};
		20E66A602BB3062B00F0AF08 /* Release */ = {
			isa = XCBuildConfiguration;
			buildSettings = {
				ALWAYS_SEARCH_USER_PATHS = NO;
				ASSETCATALOG_COMPILER_GENERATE_SWIFT_ASSET_SYMBOL_EXTENSIONS = YES;
				CLANG_ANALYZER_NONNULL = YES;
				CLANG_ANALYZER_NUMBER_OBJECT_CONVERSION = YES_AGGRESSIVE;
				CLANG_CXX_LANGUAGE_STANDARD = "gnu++20";
				CLANG_ENABLE_MODULES = YES;
				CLANG_ENABLE_OBJC_ARC = YES;
				CLANG_ENABLE_OBJC_WEAK = YES;
				CLANG_WARN_BLOCK_CAPTURE_AUTORELEASING = YES;
				CLANG_WARN_BOOL_CONVERSION = YES;
				CLANG_WARN_COMMA = YES;
				CLANG_WARN_CONSTANT_CONVERSION = YES;
				CLANG_WARN_DEPRECATED_OBJC_IMPLEMENTATIONS = YES;
				CLANG_WARN_DIRECT_OBJC_ISA_USAGE = YES_ERROR;
				CLANG_WARN_DOCUMENTATION_COMMENTS = YES;
				CLANG_WARN_EMPTY_BODY = YES;
				CLANG_WARN_ENUM_CONVERSION = YES;
				CLANG_WARN_INFINITE_RECURSION = YES;
				CLANG_WARN_INT_CONVERSION = YES;
				CLANG_WARN_NON_LITERAL_NULL_CONVERSION = YES;
				CLANG_WARN_OBJC_IMPLICIT_RETAIN_SELF = YES;
				CLANG_WARN_OBJC_LITERAL_CONVERSION = YES;
				CLANG_WARN_OBJC_ROOT_CLASS = YES_ERROR;
				CLANG_WARN_QUOTED_INCLUDE_IN_FRAMEWORK_HEADER = YES;
				CLANG_WARN_RANGE_LOOP_ANALYSIS = YES;
				CLANG_WARN_STRICT_PROTOTYPES = YES;
				CLANG_WARN_SUSPICIOUS_MOVE = YES;
				CLANG_WARN_UNGUARDED_AVAILABILITY = YES_AGGRESSIVE;
				CLANG_WARN_UNREACHABLE_CODE = YES;
				CLANG_WARN__DUPLICATE_METHOD_MATCH = YES;
				COPY_PHASE_STRIP = NO;
				DEBUG_INFORMATION_FORMAT = "dwarf-with-dsym";
				ENABLE_NS_ASSERTIONS = NO;
				ENABLE_STRICT_OBJC_MSGSEND = YES;
				ENABLE_USER_SCRIPT_SANDBOXING = YES;
				GCC_C_LANGUAGE_STANDARD = gnu17;
				GCC_NO_COMMON_BLOCKS = YES;
				GCC_WARN_64_TO_32_BIT_CONVERSION = YES;
				GCC_WARN_ABOUT_RETURN_TYPE = YES_ERROR;
				GCC_WARN_UNDECLARED_SELECTOR = YES;
				GCC_WARN_UNINITIALIZED_AUTOS = YES_AGGRESSIVE;
				GCC_WARN_UNUSED_FUNCTION = YES;
				GCC_WARN_UNUSED_VARIABLE = YES;
				LOCALIZATION_PREFERS_STRING_CATALOGS = YES;
				MACOSX_DEPLOYMENT_TARGET = 12.0;
				MTL_ENABLE_DEBUG_INFO = NO;
				MTL_FAST_MATH = YES;
				SDKROOT = macosx;
				SWIFT_COMPILATION_MODE = wholemodule;
				SWIFT_EMIT_LOC_STRINGS = YES;
			};
			name = Release;
		};
		20E66A622BB3062B00F0AF08 /* Debug */ = {
			isa = XCBuildConfiguration;
			buildSettings = {
				ASSETCATALOG_COMPILER_APPICON_NAME = AppIcon;
				ASSETCATALOG_COMPILER_GLOBAL_ACCENT_COLOR_NAME = AccentColor;
				CODE_SIGN_ENTITLEMENTS = "STUWIRELESS Login/STUWIRELESS_Login.entitlements";
				CODE_SIGN_STYLE = Automatic;
				COMBINE_HIDPI_IMAGES = YES;
				CURRENT_PROJECT_VERSION = 1;
				DEVELOPMENT_ASSET_PATHS = "\"STUWIRELESS Login/Preview Content\"";
				DEVELOPMENT_TEAM = KM2C4ZAVPJ;
				ENABLE_HARDENED_RUNTIME = YES;
				ENABLE_PREVIEWS = YES;
				ENABLE_USER_SCRIPT_SANDBOXING = NO;
				GENERATE_INFOPLIST_FILE = YES;
				INFOPLIST_FILE = "STUWIRELESS-Login-Info.plist";
				INFOPLIST_KEY_LSApplicationCategoryType = "public.app-category.utilities";
				INFOPLIST_KEY_LSUIElement = YES;
				INFOPLIST_KEY_NSHumanReadableCopyright = "";
				LD_RUNPATH_SEARCH_PATHS = (
					"$(inherited)",
					"@executable_path/../Frameworks",
				);
				MACOSX_DEPLOYMENT_TARGET = 13.0;
				MARKETING_VERSION = 2.0;
				PRODUCT_BUNDLE_IDENTIFIER = "com.pattonium.STUWIRELESS-Login";
				PRODUCT_NAME = "$(TARGET_NAME)";
				SWIFT_EMIT_LOC_STRINGS = YES;
				SWIFT_VERSION = 5.0;
			};
			name = Debug;
		};
		20E66A632BB3062B00F0AF08 /* Release */ = {
			isa = XCBuildConfiguration;
			buildSettings = {
				ASSETCATALOG_COMPILER_APPICON_NAME = AppIcon;
				ASSETCATALOG_COMPILER_GLOBAL_ACCENT_COLOR_NAME = AccentColor;
				CODE_SIGN_ENTITLEMENTS = "STUWIRELESS Login/STUWIRELESS_Login.entitlements";
				CODE_SIGN_STYLE = Automatic;
				COMBINE_HIDPI_IMAGES = YES;
				CURRENT_PROJECT_VERSION = 1;
				DEVELOPMENT_ASSET_PATHS = "\"STUWIRELESS Login/Preview Content\"";
				DEVELOPMENT_TEAM = KM2C4ZAVPJ;
				ENABLE_HARDENED_RUNTIME = YES;
				ENABLE_PREVIEWS = YES;
				ENABLE_USER_SCRIPT_SANDBOXING = NO;
				GENERATE_INFOPLIST_FILE = YES;
				INFOPLIST_FILE = "STUWIRELESS-Login-Info.plist";
				INFOPLIST_KEY_LSApplicationCategoryType = "public.app-category.utilities";
				INFOPLIST_KEY_LSUIElement = YES;
				INFOPLIST_KEY_NSHumanReadableCopyright = "";
				LD_RUNPATH_SEARCH_PATHS = (
					"$(inherited)",
					"@executable_path/../Frameworks",
				);
				MACOSX_DEPLOYMENT_TARGET = 13.0;
				MARKETING_VERSION = 2.0;
				PRODUCT_BUNDLE_IDENTIFIER = "com.pattonium.STUWIRELESS-Login";
				PRODUCT_NAME = "$(TARGET_NAME)";
				SWIFT_EMIT_LOC_STRINGS = YES;
				SWIFT_VERSION = 5.0;
			};
			name = Release;
		};
/* End XCBuildConfiguration section */

/* Begin XCConfigurationList section */
		20E66A4D2BB3062500F0AF08 /* Build configuration list for PBXProject "STUWIRELESS Login" */ = {
			isa = XCConfigurationList;
			buildConfigurations = (
				20E66A5F2BB3062B00F0AF08 /* Debug */,
				20E66A602BB3062B00F0AF08 /* Release */,
			);
			defaultConfigurationIsVisible = 0;
			defaultConfigurationName = Release;
		};
		20E66A612BB3062B00F0AF08 /* Build configuration list for PBXNativeTarget "STUWIRELESS Login" */ = {
			isa = XCConfigurationList;
			buildConfigurations = (
				20E66A622BB3062B00F0AF08 /* Debug */,
				20E66A632BB3062B00F0AF08 /* Release */,
			);
			defaultConfigurationIsVisible = 0;
			defaultConfigurationName = Release;
		};
/* End XCConfigurationList section */

/* Begin XCRemoteSwiftPackageReference section */
		207060782BB3F14800E9DD4F /* XCRemoteSwiftPackageReference "Sjauth" */ = {
			isa = XCRemoteSwiftPackageReference;
			repositoryURL = "https://github.com/johnbean393/Sjauth";
			requirement = {
				branch = main;
				kind = branch;
			};
		};
		20C954E92BB3FF570017E05E /* XCRemoteSwiftPackageReference "ExtensionKit" */ = {
			isa = XCRemoteSwiftPackageReference;
			repositoryURL = "https://github.com/johnbean393/ExtensionKit";
			requirement = {
				branch = main;
				kind = branch;
			};
		};
		20E9089F2D3E5DF600AC1A9C /* XCRemoteSwiftPackageReference "LaunchAtLogin-Modern" */ = {
			isa = XCRemoteSwiftPackageReference;
			repositoryURL = "https://github.com/sindresorhus/LaunchAtLogin-Modern";
			requirement = {
				branch = main;
				kind = branch;
			};
		};
/* End XCRemoteSwiftPackageReference section */

/* Begin XCSwiftPackageProductDependency section */
		207060792BB3F14800E9DD4F /* Sjauth */ = {
			isa = XCSwiftPackageProductDependency;
			package = 207060782BB3F14800E9DD4F /* XCRemoteSwiftPackageReference "Sjauth" */;
			productName = Sjauth;
		};
		20C954EA2BB3FF570017E05E /* ExtensionKit */ = {
			isa = XCSwiftPackageProductDependency;
			package = 20C954E92BB3FF570017E05E /* XCRemoteSwiftPackageReference "ExtensionKit" */;
			productName = ExtensionKit;
		};
		20E908A02D3E5DF600AC1A9C /* LaunchAtLogin */ = {
			isa = XCSwiftPackageProductDependency;
			package = 20E9089F2D3E5DF600AC1A9C /* XCRemoteSwiftPackageReference "LaunchAtLogin-Modern" */;
			productName = LaunchAtLogin;
		};
/* End XCSwiftPackageProductDependency section */
	};
	rootObject = 20E66A4A2BB3062500F0AF08 /* Project object */;
}
